# THIS IS AN AUTOGENERATED FILE. DO NOT EDIT THIS FILE DIRECTLY.
# yarn lockfile v1


create-vite@^8.0.1:
  version "8.0.1"
  resolved "https://registry.yarnpkg.com/create-vite/-/create-vite-8.0.1.tgz#596c771a1a6a2c64530ae250a0d6bf08856b3a5e"
  integrity sha512-psKi5uYJ7lWHscVz/j3Nvi+014BCTspaxABgfDWKoQWGOcf+wymtw4x6SK40ZoZlnGWY0w85QJM83nKUJNufhw==
